
Microsoft Visual Studio Solution File, Format Version 12.00
# Visual Studio Version 16
VisualStudioVersion = 16.0.31005.135
MinimumVisualStudioVersion = 10.0.40219.1
Project("{FAE04EC0-301F-11D3-BF4B-00C04F79EFBC}") = "MyContacts", "MyContacts.csproj", "{282502D0-098B-4F1E-A5BD-53BE236018B1}"
EndProject
Global
	GlobalSection(SolutionConfigurationPlatforms) = preSolution
		Debug|Any CPU = Debug|Any CPU
		Release|Any CPU = Release|Any CPU
	EndGlobalSection
	GlobalSection(ProjectConfigurationPlatforms) = postSolution
		{282502D0-098B-4F1E-A5BD-53BE236018B1}.Debug|Any CPU.ActiveCfg = Debug|Any CPU
		{282502D0-098B-4F1E-A5BD-53BE236018B1}.Debug|Any CPU.Build.0 = Debug|Any CPU
		{282502D0-098B-4F1E-A5BD-53BE236018B1}.Release|Any CPU.ActiveCfg = Release|Any CPU
		{282502D0-098B-4F1E-A5BD-53BE236018B1}.Release|Any CPU.Build.0 = Release|Any CPU
	EndGlobalSection
	GlobalSection(SolutionProperties) = preSolution
		HideSolutionNode = FALSE
	EndGlobalSection
	GlobalSection(ExtensibilityGlobals) = postSolution
		SolutionGuid = {367E234B-99B7-442C-8B3C-756C17F57D68}
	EndGlobalSection
EndGlobal
